
Microsoft Visual Studio Solution File, Format Version 12.00
# Visual Studio Version 16
VisualStudioVersion = 16.0.29905.134
MinimumVisualStudioVersion = 10.0.40219.1
Project("{FAE04EC0-301F-11D3-BF4B-00C04F79EFBC}") = "CheckAndUpdate", "CheckAndUpdate.csproj", "{4A047E98-0B01-4A7B-8E9B-0BC457C387FE}"
EndProject
Global
	GlobalSection(SolutionConfigurationPlatforms) = preSolution
		Debug|Any CPU = Debug|Any CPU
		Release|Any CPU = Release|Any CPU
	EndGlobalSection
	GlobalSection(ProjectConfigurationPlatforms) = postSolution
		{4A047E98-0B01-4A7B-8E9B-0BC457C387FE}.Debug|Any CPU.ActiveCfg = Debug|Any CPU
		{4A047E98-0B01-4A7B-8E9B-0BC457C387FE}.Debug|Any CPU.Build.0 = Debug|Any CPU
		{4A047E98-0B01-4A7B-8E9B-0BC457C387FE}.Release|Any CPU.ActiveCfg = Release|Any CPU
		{4A047E98-0B01-4A7B-8E9B-0BC457C387FE}.Release|Any CPU.Build.0 = Release|Any CPU
	EndGlobalSection
	GlobalSection(SolutionProperties) = preSolution
		HideSolutionNode = FALSE
	EndGlobalSection
	GlobalSection(ExtensibilityGlobals) = postSolution
		SolutionGuid = {003A92CF-6F4F-47B6-9211-1D4A9E5DD92E}
	EndGlobalSection
EndGlobal
